
Microsoft Visual Studio Solution File, Format Version 12.00
# Visual Studio Version 16
VisualStudioVersion = 16.0.29609.76
MinimumVisualStudioVersion = 10.0.40219.1
Project("{FAE04EC0-301F-11D3-BF4B-00C04F79EFBC}") = "wcf_chat", "wcf_chat\wcf_chat.csproj", "{2DA1CF97-E2CB-42AE-9728-7F5B99D483D3}"
EndProject
Project("{FAE04EC0-301F-11D3-BF4B-00C04F79EFBC}") = "ChatHostConsole", "ChatHost\ChatHostConsole.csproj", "{B85ABCCF-1C13-4E2E-BE48-505C31847A35}"
EndProject
Project("{FAE04EC0-301F-11D3-BF4B-00C04F79EFBC}") = "ChatClient", "ChatClient\ChatClient.csproj", "{6D3007D9-9F85-4437-A04A-C676B5CDDF2C}"
EndProject
Project("{FAE04EC0-301F-11D3-BF4B-00C04F79EFBC}") = "ChatBot", "ChatBot\ChatBot.csproj", "{1B8A808A-4475-429A-A117-500978152AC4}"
EndProject
Project("{FAE04EC0-301F-11D3-BF4B-00C04F79EFBC}") = "ChatHostWPF", "ChatHostWPF\ChatHostWPF.csproj", "{B9409D80-5C79-45F0-9F82-29E46CBDD7E7}"
EndProject
Global
	GlobalSection(SolutionConfigurationPlatforms) = preSolution
		Debug|Any CPU = Debug|Any CPU
		Release|Any CPU = Release|Any CPU
	EndGlobalSection
	GlobalSection(ProjectConfigurationPlatforms) = postSolution
		{2DA1CF97-E2CB-42AE-9728-7F5B99D483D3}.Debug|Any CPU.ActiveCfg = Debug|Any CPU
		{2DA1CF97-E2CB-42AE-9728-7F5B99D483D3}.Debug|Any CPU.Build.0 = Debug|Any CPU
		{2DA1CF97-E2CB-42AE-9728-7F5B99D483D3}.Release|Any CPU.ActiveCfg = Release|Any CPU
		{2DA1CF97-E2CB-42AE-9728-7F5B99D483D3}.Release|Any CPU.Build.0 = Release|Any CPU
		{B85ABCCF-1C13-4E2E-BE48-505C31847A35}.Debug|Any CPU.ActiveCfg = Debug|Any CPU
		{B85ABCCF-1C13-4E2E-BE48-505C31847A35}.Debug|Any CPU.Build.0 = Debug|Any CPU
		{B85ABCCF-1C13-4E2E-BE48-505C31847A35}.Release|Any CPU.ActiveCfg = Release|Any CPU
		{B85ABCCF-1C13-4E2E-BE48-505C31847A35}.Release|Any CPU.Build.0 = Release|Any CPU
		{6D3007D9-9F85-4437-A04A-C676B5CDDF2C}.Debug|Any CPU.ActiveCfg = Debug|Any CPU
		{6D3007D9-9F85-4437-A04A-C676B5CDDF2C}.Debug|Any CPU.Build.0 = Debug|Any CPU
		{6D3007D9-9F85-4437-A04A-C676B5CDDF2C}.Release|Any CPU.ActiveCfg = Release|Any CPU
		{6D3007D9-9F85-4437-A04A-C676B5CDDF2C}.Release|Any CPU.Build.0 = Release|Any CPU
		{1B8A808A-4475-429A-A117-500978152AC4}.Debug|Any CPU.ActiveCfg = Debug|Any CPU
		{1B8A808A-4475-429A-A117-500978152AC4}.Debug|Any CPU.Build.0 = Debug|Any CPU
		{1B8A808A-4475-429A-A117-500978152AC4}.Release|Any CPU.ActiveCfg = Release|Any CPU
		{1B8A808A-4475-429A-A117-500978152AC4}.Release|Any CPU.Build.0 = Release|Any CPU
		{B9409D80-5C79-45F0-9F82-29E46CBDD7E7}.Debug|Any CPU.ActiveCfg = Debug|Any CPU
		{B9409D80-5C79-45F0-9F82-29E46CBDD7E7}.Debug|Any CPU.Build.0 = Debug|Any CPU
		{B9409D80-5C79-45F0-9F82-29E46CBDD7E7}.Release|Any CPU.ActiveCfg = Release|Any CPU
		{B9409D80-5C79-45F0-9F82-29E46CBDD7E7}.Release|Any CPU.Build.0 = Release|Any CPU
	EndGlobalSection
	GlobalSection(SolutionProperties) = preSolution
		HideSolutionNode = FALSE
	EndGlobalSection
	GlobalSection(ExtensibilityGlobals) = postSolution
		SolutionGuid = {FEF69344-92B4-4BC9-9D85-3B083BDDA2D2}
	EndGlobalSection
EndGlobal
