
Microsoft Visual Studio Solution File, Format Version 12.00
# Visual Studio Version 17
VisualStudioVersion = 17.4.33110.190
MinimumVisualStudioVersion = 10.0.40219.1
Project("{9A19103F-16F7-4668-BE54-9A1E7A4F7556}") = "ChatHostWPF", "ChatHostWPF\ChatHostWPF.csproj", "{B9409D80-5C79-45F0-9F82-29E46CBDD7E7}"
EndProject
Project("{9A19103F-16F7-4668-BE54-9A1E7A4F7556}") = "ChatClient", "ChatClient\ChatClient.csproj", "{E69312C9-96E1-44CB-8CAA-237E09DFE433}"
EndProject
Project("{9A19103F-16F7-4668-BE54-9A1E7A4F7556}") = "Chat.Core", "Chat.Core\Chat.Core.csproj", "{72E64998-0FEC-4572-935F-2C614A90638D}"
EndProject
Project("{9A19103F-16F7-4668-BE54-9A1E7A4F7556}") = "Testing", "Testing\Testing.csproj", "{85602D50-927F-40D7-9E24-787EF84E7580}"
EndProject
Project("{9A19103F-16F7-4668-BE54-9A1E7A4F7556}") = "Chat.Relational", "Chat.Relational\Chat.Relational.csproj", "{E9554F00-2BEC-4DA5-83A7-CFF59B55D6C6}"
EndProject
Project("{FAE04EC0-301F-11D3-BF4B-00C04F79EFBC}") = "Chat.CoreWPF", "Chat.CoreWPF\Chat.CoreWPF.csproj", "{FE7E7A56-30C5-4126-A1DA-E9097E288697}"
EndProject
Global
	GlobalSection(SolutionConfigurationPlatforms) = preSolution
		Debug|Any CPU = Debug|Any CPU
		Release|Any CPU = Release|Any CPU
	EndGlobalSection
	GlobalSection(ProjectConfigurationPlatforms) = postSolution
		{B9409D80-5C79-45F0-9F82-29E46CBDD7E7}.Debug|Any CPU.ActiveCfg = Debug|Any CPU
		{B9409D80-5C79-45F0-9F82-29E46CBDD7E7}.Debug|Any CPU.Build.0 = Debug|Any CPU
		{B9409D80-5C79-45F0-9F82-29E46CBDD7E7}.Release|Any CPU.ActiveCfg = Release|Any CPU
		{B9409D80-5C79-45F0-9F82-29E46CBDD7E7}.Release|Any CPU.Build.0 = Release|Any CPU
		{E69312C9-96E1-44CB-8CAA-237E09DFE433}.Debug|Any CPU.ActiveCfg = Debug|Any CPU
		{E69312C9-96E1-44CB-8CAA-237E09DFE433}.Debug|Any CPU.Build.0 = Debug|Any CPU
		{E69312C9-96E1-44CB-8CAA-237E09DFE433}.Release|Any CPU.ActiveCfg = Release|Any CPU
		{E69312C9-96E1-44CB-8CAA-237E09DFE433}.Release|Any CPU.Build.0 = Release|Any CPU
		{72E64998-0FEC-4572-935F-2C614A90638D}.Debug|Any CPU.ActiveCfg = Debug|Any CPU
		{72E64998-0FEC-4572-935F-2C614A90638D}.Debug|Any CPU.Build.0 = Debug|Any CPU
		{72E64998-0FEC-4572-935F-2C614A90638D}.Release|Any CPU.ActiveCfg = Release|Any CPU
		{72E64998-0FEC-4572-935F-2C614A90638D}.Release|Any CPU.Build.0 = Release|Any CPU
		{85602D50-927F-40D7-9E24-787EF84E7580}.Debug|Any CPU.ActiveCfg = Debug|Any CPU
		{85602D50-927F-40D7-9E24-787EF84E7580}.Debug|Any CPU.Build.0 = Debug|Any CPU
		{85602D50-927F-40D7-9E24-787EF84E7580}.Release|Any CPU.ActiveCfg = Release|Any CPU
		{85602D50-927F-40D7-9E24-787EF84E7580}.Release|Any CPU.Build.0 = Release|Any CPU
		{E9554F00-2BEC-4DA5-83A7-CFF59B55D6C6}.Debug|Any CPU.ActiveCfg = Debug|Any CPU
		{E9554F00-2BEC-4DA5-83A7-CFF59B55D6C6}.Debug|Any CPU.Build.0 = Debug|Any CPU
		{E9554F00-2BEC-4DA5-83A7-CFF59B55D6C6}.Release|Any CPU.ActiveCfg = Release|Any CPU
		{E9554F00-2BEC-4DA5-83A7-CFF59B55D6C6}.Release|Any CPU.Build.0 = Release|Any CPU
		{FE7E7A56-30C5-4126-A1DA-E9097E288697}.Debug|Any CPU.ActiveCfg = Debug|Any CPU
		{FE7E7A56-30C5-4126-A1DA-E9097E288697}.Debug|Any CPU.Build.0 = Debug|Any CPU
		{FE7E7A56-30C5-4126-A1DA-E9097E288697}.Release|Any CPU.ActiveCfg = Release|Any CPU
		{FE7E7A56-30C5-4126-A1DA-E9097E288697}.Release|Any CPU.Build.0 = Release|Any CPU
	EndGlobalSection
	GlobalSection(SolutionProperties) = preSolution
		HideSolutionNode = FALSE
	EndGlobalSection
	GlobalSection(ExtensibilityGlobals) = postSolution
		SolutionGuid = {FEF69344-92B4-4BC9-9D85-3B083BDDA2D2}
	EndGlobalSection
EndGlobal
